
Microsoft Visual Studio Solution File, Format Version 12.00
# Visual Studio Version 17
VisualStudioVersion = 17.7.34221.43
MinimumVisualStudioVersion = 10.0.40219.1
Project("{9A19103F-16F7-4668-BE54-9A1E7A4F7556}") = "IchsServer", "IchsServer\IchsServer.csproj", "{71904217-5F5C-40D9-BD7C-283C538772A2}"
EndProject
Global
	GlobalSection(SolutionConfigurationPlatforms) = preSolution
		Debug|Any CPU = Debug|Any CPU
		Release|Any CPU = Release|Any CPU
	EndGlobalSection
	GlobalSection(ProjectConfigurationPlatforms) = postSolution
		{71904217-5F5C-40D9-BD7C-283C538772A2}.Debug|Any CPU.ActiveCfg = Debug|Any CPU
		{71904217-5F5C-40D9-BD7C-283C538772A2}.Debug|Any CPU.Build.0 = Debug|Any CPU
		{71904217-5F5C-40D9-BD7C-283C538772A2}.Release|Any CPU.ActiveCfg = Release|Any CPU
		{71904217-5F5C-40D9-BD7C-283C538772A2}.Release|Any CPU.Build.0 = Release|Any CPU
	EndGlobalSection
	GlobalSection(SolutionProperties) = preSolution
		HideSolutionNode = FALSE
	EndGlobalSection
	GlobalSection(ExtensibilityGlobals) = postSolution
		SolutionGuid = {4F05F3BB-FBE5-47EB-9B4C-A0F54551FB74}
	EndGlobalSection
EndGlobal
